{
  "name": "helpers",
  "version": "1.0.0",
  "lockfileVersion": 1,
  "requires": true,
  "dependencies": {
    "any-promise": {
      "version": "1.3.0",
      "resolved": "https://registry.npmjs.org/any-promise/-/any-promise-1.3.0.tgz",
      "integrity": "sha1-q8av7tzqUugJzcA3au0845Y10X8="
    },
    "assertion-error": {
      "version": "1.0.2",
      "resolved": "https://registry.npmjs.org/assertion-error/-/assertion-error-1.0.2.tgz",
      "integrity": "sha1-E8pRXYYgbaC6xm6DTdOX2HWBCUw="
    },
    "chai": {
      "version": "4.1.2",
      "resolved": "https://registry.npmjs.org/chai/-/chai-4.1.2.tgz",
      "integrity": "sha1-D2RYS6ZC8PKs4oBiefTwbKI61zw=",
      "requires": {
        "assertion-error": "1.0.2",
        "check-error": "1.0.2",
        "deep-eql": "3.0.1",
        "get-func-name": "2.0.0",
        "pathval": "1.1.0",
        "type-detect": "4.0.5"
      }
    },
    "check-error": {
      "version": "1.0.2",
      "resolved": "https://registry.npmjs.org/check-error/-/check-error-1.0.2.tgz",
      "integrity": "sha1-V00xLt2Iu13YkS6Sht1sCu1KrII="
    },
    "deep-eql": {
      "version": "3.0.1",
      "resolved": "https://registry.npmjs.org/deep-eql/-/deep-eql-3.0.1.tgz",
      "integrity": "sha512-+QeIQyN5ZuO+3Uk5DYh6/1eKO0m0YmJFGNmFHGACpf1ClL1nmlV/p4gNgbl2pJGxgXb4faqo6UE+M5ACEMyVcw==",
      "requires": {
        "type-detect": "4.0.5"
      }
    },
    "diff": {
      "version": "3.4.0",
      "resolved": "https://registry.npmjs.org/diff/-/diff-3.4.0.tgz",
      "integrity": "sha512-QpVuMTEoJMF7cKzi6bvWhRulU1fZqZnvyVQgNhPaxxuTYwyjn/j1v9falseQ/uXWwPnO56RBfwtg4h/EQXmucA=="
    },
    "fill-keys": {
      "version": "1.0.2",
      "resolved": "https://registry.npmjs.org/fill-keys/-/fill-keys-1.0.2.tgz",
      "integrity": "sha1-mo+jb06K1jTjv2tPPIiCVRRS6yA=",
      "dev": true,
      "requires": {
        "is-object": "1.0.1",
        "merge-descriptors": "1.0.1"
      }
    },
    "formatio": {
      "version": "1.2.0",
      "resolved": "https://registry.npmjs.org/formatio/-/formatio-1.2.0.tgz",
      "integrity": "sha1-87IWfZBoxGmKjVH092CjmlTYGOs=",
      "requires": {
        "samsam": "1.3.0"
      }
    },
    "get-func-name": {
      "version": "2.0.0",
      "resolved": "https://registry.npmjs.org/get-func-name/-/get-func-name-2.0.0.tgz",
      "integrity": "sha1-6td0q+5y4gQJQzoGY2YCPdaIekE="
    },
    "has-flag": {
      "version": "2.0.0",
      "resolved": "https://registry.npmjs.org/has-flag/-/has-flag-2.0.0.tgz",
      "integrity": "sha1-6CB68cx7MNRGzHC3NLXovhj4jVE="
    },
    "is-object": {
      "version": "1.0.1",
      "resolved": "https://registry.npmjs.org/is-object/-/is-object-1.0.1.tgz",
      "integrity": "sha1-iVJojF7C/9awPsyF52ngKQMINHA=",
      "dev": true
    },
    "isarray": {
      "version": "0.0.1",
      "resolved": "https://registry.npmjs.org/isarray/-/isarray-0.0.1.tgz",
      "integrity": "sha1-ihis/Kmo9Bd+Cav8YDiTmwXR7t8="
    },
    "just-extend": {
      "version": "1.1.27",
      "resolved": "https://registry.npmjs.org/just-extend/-/just-extend-1.1.27.tgz",
      "integrity": "sha512-mJVp13Ix6gFo3SBAy9U/kL+oeZqzlYYYLQBwXVBlVzIsZwBqGREnOro24oC/8s8aox+rJhtZ2DiQof++IrkA+g=="
    },
    "lodash": {
      "version": "4.17.4",
      "resolved": "https://registry.npmjs.org/lodash/-/lodash-4.17.4.tgz",
      "integrity": "sha1-eCA6TRwyiuHYbcpkYONptX9AVa4="
    },
    "lodash.get": {
      "version": "4.4.2",
      "resolved": "https://registry.npmjs.org/lodash.get/-/lodash.get-4.4.2.tgz",
      "integrity": "sha1-LRd/ZS+jHpObRDjVNBSZ36OCXpk="
    },
    "lolex": {
      "version": "2.3.1",
      "resolved": "https://registry.npmjs.org/lolex/-/lolex-2.3.1.tgz",
      "integrity": "sha512-mQuW55GhduF3ppo+ZRUTz1PRjEh1hS5BbqU7d8D0ez2OKxHDod7StPPeAVKisZR5aLkHZjdGWSL42LSONUJsZw=="
    },
    "merge-descriptors": {
      "version": "1.0.1",
      "resolved": "https://registry.npmjs.org/merge-descriptors/-/merge-descriptors-1.0.1.tgz",
      "integrity": "sha1-sAqqVW3YtEVoFQ7J0blT8/kMu2E=",
      "dev": true
    },
    "module-not-found-error": {
      "version": "1.0.1",
      "resolved": "https://registry.npmjs.org/module-not-found-error/-/module-not-found-error-1.0.1.tgz",
      "integrity": "sha1-z4tP9PKWQGdNbN0CsOO8UjwrvcA=",
      "dev": true
    },
    "mz": {
      "version": "2.7.0",
      "resolved": "https://registry.npmjs.org/mz/-/mz-2.7.0.tgz",
      "integrity": "sha512-z81GNO7nnYMEhrGh9LeymoE4+Yr0Wn5McHIZMK5cfQCl+NDX08sCZgUc9/6MHni9IWuFLm1Z3HTCXu2z9fN62Q==",
      "requires": {
        "any-promise": "1.3.0",
        "object-assign": "4.1.1",
        "thenify-all": "1.6.0"
      }
    },
    "nise": {
      "version": "1.2.0",
      "resolved": "https://registry.npmjs.org/nise/-/nise-1.2.0.tgz",
      "integrity": "sha512-q9jXh3UNsMV28KeqI43ILz5+c3l+RiNW8mhurEwCKckuHQbL+hTJIKKTiUlCPKlgQ/OukFvSnKB/Jk3+sFbkGA==",
      "requires": {
        "formatio": "1.2.0",
        "just-extend": "1.1.27",
        "lolex": "1.6.0",
        "path-to-regexp": "1.7.0",
        "text-encoding": "0.6.4"
      },
      "dependencies": {
        "lolex": {
          "version": "1.6.0",
          "resolved": "https://registry.npmjs.org/lolex/-/lolex-1.6.0.tgz",
          "integrity": "sha1-OpoCg0UqR9dDnnJzG54H1zhuSfY="
        }
      }
    },
    "object-assign": {
      "version": "4.1.1",
      "resolved": "https://registry.npmjs.org/object-assign/-/object-assign-4.1.1.tgz",
      "integrity": "sha1-IQmtx5ZYh8/AXLvUQsrIv7s2CGM="
    },
    "path-to-regexp": {
      "version": "1.7.0",
      "resolved": "https://registry.npmjs.org/path-to-regexp/-/path-to-regexp-1.7.0.tgz",
      "integrity": "sha1-Wf3g9DW62suhA6hOnTvGTpa5k30=",
      "requires": {
        "isarray": "0.0.1"
      }
    },
    "pathval": {
      "version": "1.1.0",
      "resolved": "https://registry.npmjs.org/pathval/-/pathval-1.1.0.tgz",
      "integrity": "sha1-uULm1L3mUwBe9rcTYd74cn0GReA="
    },
    "proxyquire": {
      "version": "1.8.0",
      "resolved": "https://registry.npmjs.org/proxyquire/-/proxyquire-1.8.0.tgz",
      "integrity": "sha1-AtUUpb7ZhvBMuyCTrxZ0FTX3ntw=",
      "dev": true,
      "requires": {
        "fill-keys": "1.0.2",
        "module-not-found-error": "1.0.1",
        "resolve": "1.1.7"
      }
    },
    "resolve": {
      "version": "1.1.7",
      "resolved": "https://registry.npmjs.org/resolve/-/resolve-1.1.7.tgz",
      "integrity": "sha1-IDEU2CrSxe2ejgQRs5ModeiJ6Xs=",
      "dev": true
    },
    "samsam": {
      "version": "1.3.0",
      "resolved": "https://registry.npmjs.org/samsam/-/samsam-1.3.0.tgz",
      "integrity": "sha512-1HwIYD/8UlOtFS3QO3w7ey+SdSDFE4HRNLZoZRYVQefrOY3l17epswImeB1ijgJFQJodIaHcwkp3r/myBjFVbg=="
    },
    "sinon": {
      "version": "4.1.3",
      "resolved": "https://registry.npmjs.org/sinon/-/sinon-4.1.3.tgz",
      "integrity": "sha512-c7u0ZuvBRX1eXuB4jN3BRCAOGiUTlM8SE3TxbJHrNiHUKL7wonujMOB6Fi1gQc00U91IscFORQHDga/eccqpbw==",
      "requires": {
        "diff": "3.4.0",
        "formatio": "1.2.0",
        "lodash.get": "4.4.2",
        "lolex": "2.3.1",
        "nise": "1.2.0",
        "supports-color": "4.5.0",
        "type-detect": "4.0.5"
      }
    },
    "sinon-chai": {
      "version": "2.14.0",
      "resolved": "https://registry.npmjs.org/sinon-chai/-/sinon-chai-2.14.0.tgz",
      "integrity": "sha512-9stIF1utB0ywNHNT7RgiXbdmen8QDCRsrTjw+G9TgKt1Yexjiv8TOWZ6WHsTPz57Yky3DIswZvEqX8fpuHNDtQ==",
      "dev": true
    },
    "supports-color": {
      "version": "4.5.0",
      "resolved": "https://registry.npmjs.org/supports-color/-/supports-color-4.5.0.tgz",
      "integrity": "sha1-vnoN5ITexcXN34s9WRJQRJEvY1s=",
      "requires": {
        "has-flag": "2.0.0"
      }
    },
    "text-encoding": {
      "version": "0.6.4",
      "resolved": "https://registry.npmjs.org/text-encoding/-/text-encoding-0.6.4.tgz",
      "integrity": "sha1-45mpgiV6J22uQou5KEXLcb3CbRk="
    },
    "thenify": {
      "version": "3.3.0",
      "resolved": "https://registry.npmjs.org/thenify/-/thenify-3.3.0.tgz",
      "integrity": "sha1-5p44obq+lpsBCCB5eLn2K4hgSDk=",
      "requires": {
        "any-promise": "1.3.0"
      }
    },
    "thenify-all": {
      "version": "1.6.0",
      "resolved": "https://registry.npmjs.org/thenify-all/-/thenify-all-1.6.0.tgz",
      "integrity": "sha1-GhkY1ALY/D+Y+/I02wvMjMEOlyY=",
      "requires": {
        "thenify": "3.3.0"
      }
    },
    "type-detect": {
      "version": "4.0.5",
      "resolved": "https://registry.npmjs.org/type-detect/-/type-detect-4.0.5.tgz",
      "integrity": "sha512-N9IvkQslUGYGC24RkJk1ba99foK6TkwC2FHAEBlQFBP0RxQZS8ZpJuAZcwiY/w9ZJHFQb1aOXBI60OdxhTrwEQ=="
    }
  }
}
